PODS:
  - Kingfisher (7.4.0)
  - SwiftLint (0.49.1)

DEPENDENCIES:
  - Kingfisher (~> 7.0)
  - SwiftLint

SPEC REPOS:
  trunk:
    - Kingfisher
    - SwiftLint

SPEC CHECKSUMS:
  Kingfisher: 596b207973051aae5e4c54a1c1cb39837ea10d36
  SwiftLint: 32ee33ded0636d0905ef6911b2b67bbaeeedafa5

PODFILE CHECKSUM: 9d9e5dfd46aec02816177e0f4c814150e7a8e7f8

COCOAPODS: 1.11.3
