// !$*UTF8*$!
{
	archiveVersion = 1;
	classes = {
	};
	objectVersion = 56;
	objects = {

/* Begin PBXBuildFile section */
		3F08A6022927C61900F02EDF /* ProductViewModel.swift in Sources */ = {isa = PBXBuildFile; fileRef = 3F08A6012927C61900F02EDF /* ProductViewModel.swift */; };
		3F08A6042927C87200F02EDF /* ProductViewProtocol.swift in Sources */ = {isa = PBXBuildFile; fileRef = 3F08A6032927C87200F02EDF /* ProductViewProtocol.swift */; };
		3F08A6062927C8C000F02EDF /* ProductCollectionViewAdapter.swift in Sources */ = {isa = PBXBuildFile; fileRef = 3F08A6052927C8C000F02EDF /* ProductCollectionViewAdapter.swift */; };
		3F08A6082927C91000F02EDF /* ProductView.swift in Sources */ = {isa = PBXBuildFile; fileRef = 3F08A6072927C91000F02EDF /* ProductView.swift */; };
		3F08A60A292D036800F02EDF /* BaseInteractor.swift in Sources */ = {isa = PBXBuildFile; fileRef = 3F08A609292D036800F02EDF /* BaseInteractor.swift */; };
		3F08A626292D086700F02EDF /* Product.swift in Sources */ = {isa = PBXBuildFile; fileRef = 3F08A625292D086700F02EDF /* Product.swift */; };
		3F08A628292D166B00F02EDF /* TextField.swift in Sources */ = {isa = PBXBuildFile; fileRef = 3F08A627292D166B00F02EDF /* TextField.swift */; };
		3F08A62C292D173A00F02EDF /* BaseViewController.swift in Sources */ = {isa = PBXBuildFile; fileRef = 3F08A62B292D173A00F02EDF /* BaseViewController.swift */; };
		3F08A62E292D17D900F02EDF /* AddCartResponse.swift in Sources */ = {isa = PBXBuildFile; fileRef = 3F08A62D292D17D900F02EDF /* AddCartResponse.swift */; };
		3F08A630292D17F500F02EDF /* User.swift in Sources */ = {isa = PBXBuildFile; fileRef = 3F08A62F292D17F500F02EDF /* User.swift */; };
		3F08A632292D18FA00F02EDF /* HTTPMethod.swift in Sources */ = {isa = PBXBuildFile; fileRef = 3F08A631292D18FA00F02EDF /* HTTPMethod.swift */; };
		3F08A634292D191600F02EDF /* FieldsEncoder.swift in Sources */ = {isa = PBXBuildFile; fileRef = 3F08A633292D191600F02EDF /* FieldsEncoder.swift */; };
		3F08A636292D1A0C00F02EDF /* UITableView + Extension.swift in Sources */ = {isa = PBXBuildFile; fileRef = 3F08A635292D1A0C00F02EDF /* UITableView + Extension.swift */; };
		3F08A63A292D1A4C00F02EDF /* UIImageView + Extension.swift in Sources */ = {isa = PBXBuildFile; fileRef = 3F08A639292D1A4C00F02EDF /* UIImageView + Extension.swift */; };
		3F08A63C292D1A6F00F02EDF /* UICollectionView + Extension.swift in Sources */ = {isa = PBXBuildFile; fileRef = 3F08A63B292D1A6F00F02EDF /* UICollectionView + Extension.swift */; };
		3F08A63E292D1A8700F02EDF /* UIApplication + Extension.swift in Sources */ = {isa = PBXBuildFile; fileRef = 3F08A63D292D1A8700F02EDF /* UIApplication + Extension.swift */; };
		3F0FE8762912C37C00286A40 /* BaseRouter.swift in Sources */ = {isa = PBXBuildFile; fileRef = 3F0FE8752912C37C00286A40 /* BaseRouter.swift */; };
		3F12B00F292E565600338F1D /* CartCell.swift in Sources */ = {isa = PBXBuildFile; fileRef = 3F12B00E292E565600338F1D /* CartCell.swift */; };
		3F12B011292E567700338F1D /* CartTableViewAdapter.swift in Sources */ = {isa = PBXBuildFile; fileRef = 3F12B010292E567700338F1D /* CartTableViewAdapter.swift */; };
		3F12B013292E568E00338F1D /* CartView.swift in Sources */ = {isa = PBXBuildFile; fileRef = 3F12B012292E568E00338F1D /* CartView.swift */; };
		3F12B015292E56A400338F1D /* CartPresenter.swift in Sources */ = {isa = PBXBuildFile; fileRef = 3F12B014292E56A400338F1D /* CartPresenter.swift */; };
		3F12B017292E56BA00338F1D /* CartRouter.swift in Sources */ = {isa = PBXBuildFile; fileRef = 3F12B016292E56BA00338F1D /* CartRouter.swift */; };
		3F12B019292E56D000338F1D /* CartViewController.swift in Sources */ = {isa = PBXBuildFile; fileRef = 3F12B018292E56D000338F1D /* CartViewController.swift */; };
		3F12B01B292E56E700338F1D /* CartProtocols.swift in Sources */ = {isa = PBXBuildFile; fileRef = 3F12B01A292E56E700338F1D /* CartProtocols.swift */; };
		3F12B01D292E56FC00338F1D /* CartInteractor.swift in Sources */ = {isa = PBXBuildFile; fileRef = 3F12B01C292E56FC00338F1D /* CartInteractor.swift */; };
		3F12B01F292E571200338F1D /* CartContainer.swift in Sources */ = {isa = PBXBuildFile; fileRef = 3F12B01E292E571200338F1D /* CartContainer.swift */; };
		3F12B021292E573B00338F1D /* CartViewModel.swift in Sources */ = {isa = PBXBuildFile; fileRef = 3F12B020292E573B00338F1D /* CartViewModel.swift */; };
		3F12B025292F89C100338F1D /* CheckoutCell.swift in Sources */ = {isa = PBXBuildFile; fileRef = 3F12B024292F89C100338F1D /* CheckoutCell.swift */; };
		3F12B027292F89DF00338F1D /* CheckoutTableViewAdapter.swift in Sources */ = {isa = PBXBuildFile; fileRef = 3F12B026292F89DF00338F1D /* CheckoutTableViewAdapter.swift */; };
		3F12B029292F89F500338F1D /* CheckoutView.swift in Sources */ = {isa = PBXBuildFile; fileRef = 3F12B028292F89F500338F1D /* CheckoutView.swift */; };
		3F12B02B292F8A0900338F1D /* CheckoutPresenter.swift in Sources */ = {isa = PBXBuildFile; fileRef = 3F12B02A292F8A0900338F1D /* CheckoutPresenter.swift */; };
		3F12B02D292F8A2700338F1D /* CheckoutRouter.swift in Sources */ = {isa = PBXBuildFile; fileRef = 3F12B02C292F8A2700338F1D /* CheckoutRouter.swift */; };
		3F12B02F292F8A4400338F1D /* CheckoutViewController.swift in Sources */ = {isa = PBXBuildFile; fileRef = 3F12B02E292F8A4400338F1D /* CheckoutViewController.swift */; };
		3F12B031292F8A5A00338F1D /* CheckoutProtocols.swift in Sources */ = {isa = PBXBuildFile; fileRef = 3F12B030292F8A5A00338F1D /* CheckoutProtocols.swift */; };
		3F12B033292F8A7100338F1D /* CheckoutInteractor.swift in Sources */ = {isa = PBXBuildFile; fileRef = 3F12B032292F8A7100338F1D /* CheckoutInteractor.swift */; };
		3F12B035292F8A8B00338F1D /* CheckoutContainer.swift in Sources */ = {isa = PBXBuildFile; fileRef = 3F12B034292F8A8B00338F1D /* CheckoutContainer.swift */; };
		3F12B038292F8ED100338F1D /* ProfilePresenter.swift in Sources */ = {isa = PBXBuildFile; fileRef = 3F12B037292F8ED100338F1D /* ProfilePresenter.swift */; };
		3F12B03A292F8EE600338F1D /* ProfileRouter.swift in Sources */ = {isa = PBXBuildFile; fileRef = 3F12B039292F8EE600338F1D /* ProfileRouter.swift */; };
		3F12B03C292F8F0100338F1D /* ProfileViewController.swift in Sources */ = {isa = PBXBuildFile; fileRef = 3F12B03B292F8F0100338F1D /* ProfileViewController.swift */; };
		3F12B03E292F8F1200338F1D /* ProfileProtocols.swift in Sources */ = {isa = PBXBuildFile; fileRef = 3F12B03D292F8F1200338F1D /* ProfileProtocols.swift */; };
		3F12B040292F8F2400338F1D /* ProfileInteractor.swift in Sources */ = {isa = PBXBuildFile; fileRef = 3F12B03F292F8F2400338F1D /* ProfileInteractor.swift */; };
		3F12B042292F8F3500338F1D /* ProfileContainer.swift in Sources */ = {isa = PBXBuildFile; fileRef = 3F12B041292F8F3500338F1D /* ProfileContainer.swift */; };
		3F12B044292F908A00338F1D /* ProfileView.swift in Sources */ = {isa = PBXBuildFile; fileRef = 3F12B043292F908A00338F1D /* ProfileView.swift */; };
		3F25169E292695C0008F5820 /* LRUCache.swift in Sources */ = {isa = PBXBuildFile; fileRef = 3F25169D292695C0008F5820 /* LRUCache.swift */; };
		3F2516A029269617008F5820 /* ImageCache.swift in Sources */ = {isa = PBXBuildFile; fileRef = 3F25169F29269617008F5820 /* ImageCache.swift */; };
		3F2516A229269644008F5820 /* ImageLoader.swift in Sources */ = {isa = PBXBuildFile; fileRef = 3F2516A129269644008F5820 /* ImageLoader.swift */; };
		3F2516A429269665008F5820 /* ImageLoaderError.swift in Sources */ = {isa = PBXBuildFile; fileRef = 3F2516A329269665008F5820 /* ImageLoaderError.swift */; };
		3F2516A629269706008F5820 /* GlobalConstants.swift in Sources */ = {isa = PBXBuildFile; fileRef = 3F2516A529269706008F5820 /* GlobalConstants.swift */; };
		3F2516A8292699CE008F5820 /* CurrencyFormatter.swift in Sources */ = {isa = PBXBuildFile; fileRef = 3F2516A7292699CE008F5820 /* CurrencyFormatter.swift */; };
		3F2C063F2927C166009F84D4 /* ProductPresenter.swift in Sources */ = {isa = PBXBuildFile; fileRef = 3F2C06392927C166009F84D4 /* ProductPresenter.swift */; };
		3F2C06402927C166009F84D4 /* ProductRouter.swift in Sources */ = {isa = PBXBuildFile; fileRef = 3F2C063A2927C166009F84D4 /* ProductRouter.swift */; };
		3F2C06412927C166009F84D4 /* ProductViewController.swift in Sources */ = {isa = PBXBuildFile; fileRef = 3F2C063B2927C166009F84D4 /* ProductViewController.swift */; };
		3F2C06422927C166009F84D4 /* ProductProtocols.swift in Sources */ = {isa = PBXBuildFile; fileRef = 3F2C063C2927C166009F84D4 /* ProductProtocols.swift */; };
		3F2C06432927C166009F84D4 /* ProductInteractor.swift in Sources */ = {isa = PBXBuildFile; fileRef = 3F2C063D2927C166009F84D4 /* ProductInteractor.swift */; };
		3F2C06442927C166009F84D4 /* ProductContainer.swift in Sources */ = {isa = PBXBuildFile; fileRef = 3F2C063E2927C166009F84D4 /* ProductContainer.swift */; };
		3F2C06472927C1A1009F84D4 /* ProductCell.swift in Sources */ = {isa = PBXBuildFile; fileRef = 3F2C06462927C1A1009F84D4 /* ProductCell.swift */; };
		3F5A22B02909988100438114 /* Typealias.swift in Sources */ = {isa = PBXBuildFile; fileRef = 3F5A22AF2909988100438114 /* Typealias.swift */; };
		3F5A22B22909993E00438114 /* AppCoordinator.swift in Sources */ = {isa = PBXBuildFile; fileRef = 3F5A22B12909993E00438114 /* AppCoordinator.swift */; };
		3F5A22B729099E8600438114 /* SBSansUI-Regular.ttf in Resources */ = {isa = PBXBuildFile; fileRef = 3F5A22B529099E8500438114 /* SBSansUI-Regular.ttf */; };
		3F5A22B829099E8600438114 /* SBSansDisplay-SemiBold.ttf in Resources */ = {isa = PBXBuildFile; fileRef = 3F5A22B629099E8600438114 /* SBSansDisplay-SemiBold.ttf */; };
		3F5A22BC290ADC2700438114 /* ProgrammaticallyInitializableViewProtocol.swift in Sources */ = {isa = PBXBuildFile; fileRef = 3F5A22BB290ADC2700438114 /* ProgrammaticallyInitializableViewProtocol.swift */; };
		3F5A22BF290ADD8300438114 /* ReuseIdentifier.swift in Sources */ = {isa = PBXBuildFile; fileRef = 3F5A22BE290ADD8300438114 /* ReuseIdentifier.swift */; };
		3F5A22C1290ADF0E00438114 /* UISearchBar + Extension.swift in Sources */ = {isa = PBXBuildFile; fileRef = 3F5A22C0290ADF0E00438114 /* UISearchBar + Extension.swift */; };
		3F5A22CA290AE68B00438114 /* CatalogueViewModel.swift in Sources */ = {isa = PBXBuildFile; fileRef = 3F5A22C9290AE68B00438114 /* CatalogueViewModel.swift */; };
		3F5A22CE290AE6FE00438114 /* CatalogueCell.swift in Sources */ = {isa = PBXBuildFile; fileRef = 3F5A22CD290AE6FE00438114 /* CatalogueCell.swift */; };
		3F6E98FB2906F4A200F25E9B /* Localize.swift in Sources */ = {isa = PBXBuildFile; fileRef = 3F6E98FA2906F4A200F25E9B /* Localize.swift */; };
		3F6E98FD2906F4AE00F25E9B /* Colors.swift in Sources */ = {isa = PBXBuildFile; fileRef = 3F6E98FC2906F4AE00F25E9B /* Colors.swift */; };
		3F6E99012906F53E00F25E9B /* UIColor + Extension.swift in Sources */ = {isa = PBXBuildFile; fileRef = 3F6E99002906F53E00F25E9B /* UIColor + Extension.swift */; };
		3F6E99032906F5D200F25E9B /* Font.swift in Sources */ = {isa = PBXBuildFile; fileRef = 3F6E99022906F5D200F25E9B /* Font.swift */; };
		3F6E99052908361D00F25E9B /* Categories.swift in Sources */ = {isa = PBXBuildFile; fileRef = 3F6E99042908361D00F25E9B /* Categories.swift */; };
		3F7A78D129098A5500B24982 /* NetworkService.swift in Sources */ = {isa = PBXBuildFile; fileRef = 3F7A78D029098A5500B24982 /* NetworkService.swift */; };
		3F7A78D329098AE500B24982 /* NetworkService + Extension.swift in Sources */ = {isa = PBXBuildFile; fileRef = 3F7A78D229098AE500B24982 /* NetworkService + Extension.swift */; };
		3F7A78D529098B1500B24982 /* NetworkServiceProtocol.swift in Sources */ = {isa = PBXBuildFile; fileRef = 3F7A78D429098B1500B24982 /* NetworkServiceProtocol.swift */; };
		3F7A78D729098F4600B24982 /* AppDependency.swift in Sources */ = {isa = PBXBuildFile; fileRef = 3F7A78D629098F4600B24982 /* AppDependency.swift */; };
		3F81A70C292FC99500D41DCF /* IndicatorProtocol.swift in Sources */ = {isa = PBXBuildFile; fileRef = 3F81A70B292FC99500D41DCF /* IndicatorProtocol.swift */; };
		3F81A70E292FC9C700D41DCF /* UpdateTabBarProtocol.swift in Sources */ = {isa = PBXBuildFile; fileRef = 3F81A70D292FC9C700D41DCF /* UpdateTabBarProtocol.swift */; };
		3F8A6F33291026E600BB8190 /* CatalogueTableViewAdapter.swift in Sources */ = {isa = PBXBuildFile; fileRef = 3F8A6F32291026E600BB8190 /* CatalogueTableViewAdapter.swift */; };
		3F8A6F3629102A1500BB8190 /* BaseView.swift in Sources */ = {isa = PBXBuildFile; fileRef = 3F8A6F3529102A1500BB8190 /* BaseView.swift */; };
		3F8A6F3B29102E5C00BB8190 /* CatalogueView.swift in Sources */ = {isa = PBXBuildFile; fileRef = 3F8A6F3A29102E5C00BB8190 /* CatalogueView.swift */; };
		3F91E42E292D31BC0000A994 /* ShoppingCartModel.xcdatamodeld in Sources */ = {isa = PBXBuildFile; fileRef = 3F91E42C292D31BC0000A994 /* ShoppingCartModel.xcdatamodeld */; };
		3F91E432292D338E0000A994 /* ProductCDModel+CoreDataClass.swift in Sources */ = {isa = PBXBuildFile; fileRef = 3F91E430292D338E0000A994 /* ProductCDModel+CoreDataClass.swift */; };
		3F91E433292D338E0000A994 /* ProductCDModel+CoreDataProperties.swift in Sources */ = {isa = PBXBuildFile; fileRef = 3F91E431292D338E0000A994 /* ProductCDModel+CoreDataProperties.swift */; };
		3F91E436292D34110000A994 /* PersistentConstants.swift in Sources */ = {isa = PBXBuildFile; fileRef = 3F91E435292D34110000A994 /* PersistentConstants.swift */; };
		3F91E438292D34360000A994 /* PersistentState.swift in Sources */ = {isa = PBXBuildFile; fileRef = 3F91E437292D34360000A994 /* PersistentState.swift */; };
		3F91E43A292D34570000A994 /* PersistentProvider.swift in Sources */ = {isa = PBXBuildFile; fileRef = 3F91E439292D34570000A994 /* PersistentProvider.swift */; };
		3F91E43C292D34710000A994 /* PersistentProviderProtocol.swift in Sources */ = {isa = PBXBuildFile; fileRef = 3F91E43B292D34710000A994 /* PersistentProviderProtocol.swift */; };
		3F91E43E292D34980000A994 /* PersistentProvider + Products.swift in Sources */ = {isa = PBXBuildFile; fileRef = 3F91E43D292D34980000A994 /* PersistentProvider + Products.swift */; };
		3F91E441292E3C2D0000A994 /* OnboardingViewController.swift in Sources */ = {isa = PBXBuildFile; fileRef = 3F91E440292E3C2D0000A994 /* OnboardingViewController.swift */; };
		3F91E443292E3C5A0000A994 /* PageViewController.swift in Sources */ = {isa = PBXBuildFile; fileRef = 3F91E442292E3C5A0000A994 /* PageViewController.swift */; };
		3F93D02F2905F072003FF558 /* AppDelegate.swift in Sources */ = {isa = PBXBuildFile; fileRef = 3F93D02E2905F072003FF558 /* AppDelegate.swift */; };
		3F93D0382905F075003FF558 /* Assets.xcassets in Resources */ = {isa = PBXBuildFile; fileRef = 3F93D0372905F075003FF558 /* Assets.xcassets */; };
		3F93D03B2905F075003FF558 /* LaunchScreen.storyboard in Resources */ = {isa = PBXBuildFile; fileRef = 3F93D0392905F075003FF558 /* LaunchScreen.storyboard */; };
		3F966899290848B80034FEFE /* CataloguePresenter.swift in Sources */ = {isa = PBXBuildFile; fileRef = 3F966893290848B80034FEFE /* CataloguePresenter.swift */; };
		3F96689A290848B80034FEFE /* CatalogueRouter.swift in Sources */ = {isa = PBXBuildFile; fileRef = 3F966894290848B80034FEFE /* CatalogueRouter.swift */; };
		3F96689B290848B80034FEFE /* CatalogueViewController.swift in Sources */ = {isa = PBXBuildFile; fileRef = 3F966895290848B80034FEFE /* CatalogueViewController.swift */; };
		3F96689C290848B80034FEFE /* CatalogueProtocols.swift in Sources */ = {isa = PBXBuildFile; fileRef = 3F966896290848B80034FEFE /* CatalogueProtocols.swift */; };
		3F96689D290848B80034FEFE /* CatalogueInteractor.swift in Sources */ = {isa = PBXBuildFile; fileRef = 3F966897290848B80034FEFE /* CatalogueInteractor.swift */; };
		3F96689E290848B80034FEFE /* CatalogueContainer.swift in Sources */ = {isa = PBXBuildFile; fileRef = 3F966898290848B80034FEFE /* CatalogueContainer.swift */; };
		3F9668A12909878E0034FEFE /* API.swift in Sources */ = {isa = PBXBuildFile; fileRef = 3F9668A02909878E0034FEFE /* API.swift */; };
		3F9668A32909884F0034FEFE /* URLFactory.swift in Sources */ = {isa = PBXBuildFile; fileRef = 3F9668A22909884F0034FEFE /* URLFactory.swift */; };
		9896D0838BABF26E6FBCAA83 /* Pods_ShoppingCart.framework in Frameworks */ = {isa = PBXBuildFile; fileRef = 949AC60969A23CB238DEF102 /* Pods_ShoppingCart.framework */; };
/* End PBXBuildFile section */

/* Begin PBXFileReference section */
		1CE6ADAD1E5B0C5B441E5112 /* Pods-ShoppingCart.release.xcconfig */ = {isa = PBXFileReference; includeInIndex = 1; lastKnownFileType = text.xcconfig; name = "Pods-ShoppingCart.release.xcconfig"; path = "Target Support Files/Pods-ShoppingCart/Pods-ShoppingCart.release.xcconfig"; sourceTree = "<group>"; };
		202DBB3A38CD7C65091D1040 /* Pods-ShoppingCart.debug.xcconfig */ = {isa = PBXFileReference; includeInIndex = 1; lastKnownFileType = text.xcconfig; name = "Pods-ShoppingCart.debug.xcconfig"; path = "Target Support Files/Pods-ShoppingCart/Pods-ShoppingCart.debug.xcconfig"; sourceTree = "<group>"; };
		3F08A6012927C61900F02EDF /* ProductViewModel.swift */ = {isa = PBXFileReference; lastKnownFileType = sourcecode.swift; path = ProductViewModel.swift; sourceTree = "<group>"; };
		3F08A6032927C87200F02EDF /* ProductViewProtocol.swift */ = {isa = PBXFileReference; lastKnownFileType = sourcecode.swift; path = ProductViewProtocol.swift; sourceTree = "<group>"; };
		3F08A6052927C8C000F02EDF /* ProductCollectionViewAdapter.swift */ = {isa = PBXFileReference; lastKnownFileType = sourcecode.swift; path = ProductCollectionViewAdapter.swift; sourceTree = "<group>"; };
		3F08A6072927C91000F02EDF /* ProductView.swift */ = {isa = PBXFileReference; lastKnownFileType = sourcecode.swift; path = ProductView.swift; sourceTree = "<group>"; };
		3F08A609292D036800F02EDF /* BaseInteractor.swift */ = {isa = PBXFileReference; lastKnownFileType = sourcecode.swift; path = BaseInteractor.swift; sourceTree = "<group>"; };
		3F08A625292D086700F02EDF /* Product.swift */ = {isa = PBXFileReference; lastKnownFileType = sourcecode.swift; path = Product.swift; sourceTree = "<group>"; };
		3F08A627292D166B00F02EDF /* TextField.swift */ = {isa = PBXFileReference; lastKnownFileType = sourcecode.swift; path = TextField.swift; sourceTree = "<group>"; };
		3F08A62B292D173A00F02EDF /* BaseViewController.swift */ = {isa = PBXFileReference; lastKnownFileType = sourcecode.swift; path = BaseViewController.swift; sourceTree = "<group>"; };
		3F08A62D292D17D900F02EDF /* AddCartResponse.swift */ = {isa = PBXFileReference; lastKnownFileType = sourcecode.swift; path = AddCartResponse.swift; sourceTree = "<group>"; };
		3F08A62F292D17F500F02EDF /* User.swift */ = {isa = PBXFileReference; lastKnownFileType = sourcecode.swift; path = User.swift; sourceTree = "<group>"; };
		3F08A631292D18FA00F02EDF /* HTTPMethod.swift */ = {isa = PBXFileReference; lastKnownFileType = sourcecode.swift; path = HTTPMethod.swift; sourceTree = "<group>"; };
		3F08A633292D191600F02EDF /* FieldsEncoder.swift */ = {isa = PBXFileReference; lastKnownFileType = sourcecode.swift; path = FieldsEncoder.swift; sourceTree = "<group>"; };
		3F08A635292D1A0C00F02EDF /* UITableView + Extension.swift */ = {isa = PBXFileReference; lastKnownFileType = sourcecode.swift; path = "UITableView + Extension.swift"; sourceTree = "<group>"; };
		3F08A639292D1A4C00F02EDF /* UIImageView + Extension.swift */ = {isa = PBXFileReference; lastKnownFileType = sourcecode.swift; path = "UIImageView + Extension.swift"; sourceTree = "<group>"; };
		3F08A63B292D1A6F00F02EDF /* UICollectionView + Extension.swift */ = {isa = PBXFileReference; lastKnownFileType = sourcecode.swift; path = "UICollectionView + Extension.swift"; sourceTree = "<group>"; };
		3F08A63D292D1A8700F02EDF /* UIApplication + Extension.swift */ = {isa = PBXFileReference; lastKnownFileType = sourcecode.swift; path = "UIApplication + Extension.swift"; sourceTree = "<group>"; };
		3F0FE8752912C37C00286A40 /* BaseRouter.swift */ = {isa = PBXFileReference; lastKnownFileType = sourcecode.swift; path = BaseRouter.swift; sourceTree = "<group>"; };
		3F12B00E292E565600338F1D /* CartCell.swift */ = {isa = PBXFileReference; lastKnownFileType = sourcecode.swift; path = CartCell.swift; sourceTree = "<group>"; };
		3F12B010292E567700338F1D /* CartTableViewAdapter.swift */ = {isa = PBXFileReference; lastKnownFileType = sourcecode.swift; path = CartTableViewAdapter.swift; sourceTree = "<group>"; };
		3F12B012292E568E00338F1D /* CartView.swift */ = {isa = PBXFileReference; lastKnownFileType = sourcecode.swift; path = CartView.swift; sourceTree = "<group>"; };
		3F12B014292E56A400338F1D /* CartPresenter.swift */ = {isa = PBXFileReference; lastKnownFileType = sourcecode.swift; path = CartPresenter.swift; sourceTree = "<group>"; };
		3F12B016292E56BA00338F1D /* CartRouter.swift */ = {isa = PBXFileReference; lastKnownFileType = sourcecode.swift; path = CartRouter.swift; sourceTree = "<group>"; };
		3F12B018292E56D000338F1D /* CartViewController.swift */ = {isa = PBXFileReference; lastKnownFileType = sourcecode.swift; path = CartViewController.swift; sourceTree = "<group>"; };
		3F12B01A292E56E700338F1D /* CartProtocols.swift */ = {isa = PBXFileReference; lastKnownFileType = sourcecode.swift; path = CartProtocols.swift; sourceTree = "<group>"; };
		3F12B01C292E56FC00338F1D /* CartInteractor.swift */ = {isa = PBXFileReference; lastKnownFileType = sourcecode.swift; path = CartInteractor.swift; sourceTree = "<group>"; };
		3F12B01E292E571200338F1D /* CartContainer.swift */ = {isa = PBXFileReference; lastKnownFileType = sourcecode.swift; path = CartContainer.swift; sourceTree = "<group>"; };
		3F12B020292E573B00338F1D /* CartViewModel.swift */ = {isa = PBXFileReference; lastKnownFileType = sourcecode.swift; path = CartViewModel.swift; sourceTree = "<group>"; };
		3F12B024292F89C100338F1D /* CheckoutCell.swift */ = {isa = PBXFileReference; lastKnownFileType = sourcecode.swift; path = CheckoutCell.swift; sourceTree = "<group>"; };
		3F12B026292F89DF00338F1D /* CheckoutTableViewAdapter.swift */ = {isa = PBXFileReference; lastKnownFileType = sourcecode.swift; path = CheckoutTableViewAdapter.swift; sourceTree = "<group>"; };
		3F12B028292F89F500338F1D /* CheckoutView.swift */ = {isa = PBXFileReference; lastKnownFileType = sourcecode.swift; path = CheckoutView.swift; sourceTree = "<group>"; };
		3F12B02A292F8A0900338F1D /* CheckoutPresenter.swift */ = {isa = PBXFileReference; lastKnownFileType = sourcecode.swift; path = CheckoutPresenter.swift; sourceTree = "<group>"; };
		3F12B02C292F8A2700338F1D /* CheckoutRouter.swift */ = {isa = PBXFileReference; lastKnownFileType = sourcecode.swift; path = CheckoutRouter.swift; sourceTree = "<group>"; };
		3F12B02E292F8A4400338F1D /* CheckoutViewController.swift */ = {isa = PBXFileReference; lastKnownFileType = sourcecode.swift; path = CheckoutViewController.swift; sourceTree = "<group>"; };
		3F12B030292F8A5A00338F1D /* CheckoutProtocols.swift */ = {isa = PBXFileReference; lastKnownFileType = sourcecode.swift; path = CheckoutProtocols.swift; sourceTree = "<group>"; };
		3F12B032292F8A7100338F1D /* CheckoutInteractor.swift */ = {isa = PBXFileReference; lastKnownFileType = sourcecode.swift; path = CheckoutInteractor.swift; sourceTree = "<group>"; };
		3F12B034292F8A8B00338F1D /* CheckoutContainer.swift */ = {isa = PBXFileReference; lastKnownFileType = sourcecode.swift; path = CheckoutContainer.swift; sourceTree = "<group>"; };
		3F12B037292F8ED100338F1D /* ProfilePresenter.swift */ = {isa = PBXFileReference; lastKnownFileType = sourcecode.swift; path = ProfilePresenter.swift; sourceTree = "<group>"; };
		3F12B039292F8EE600338F1D /* ProfileRouter.swift */ = {isa = PBXFileReference; lastKnownFileType = sourcecode.swift; path = ProfileRouter.swift; sourceTree = "<group>"; };
		3F12B03B292F8F0100338F1D /* ProfileViewController.swift */ = {isa = PBXFileReference; lastKnownFileType = sourcecode.swift; path = ProfileViewController.swift; sourceTree = "<group>"; };
		3F12B03D292F8F1200338F1D /* ProfileProtocols.swift */ = {isa = PBXFileReference; lastKnownFileType = sourcecode.swift; path = ProfileProtocols.swift; sourceTree = "<group>"; };
		3F12B03F292F8F2400338F1D /* ProfileInteractor.swift */ = {isa = PBXFileReference; lastKnownFileType = sourcecode.swift; path = ProfileInteractor.swift; sourceTree = "<group>"; };
		3F12B041292F8F3500338F1D /* ProfileContainer.swift */ = {isa = PBXFileReference; lastKnownFileType = sourcecode.swift; path = ProfileContainer.swift; sourceTree = "<group>"; };
		3F12B043292F908A00338F1D /* ProfileView.swift */ = {isa = PBXFileReference; lastKnownFileType = sourcecode.swift; path = ProfileView.swift; sourceTree = "<group>"; };
		3F25169D292695C0008F5820 /* LRUCache.swift */ = {isa = PBXFileReference; lastKnownFileType = sourcecode.swift; path = LRUCache.swift; sourceTree = "<group>"; };
		3F25169F29269617008F5820 /* ImageCache.swift */ = {isa = PBXFileReference; lastKnownFileType = sourcecode.swift; path = ImageCache.swift; sourceTree = "<group>"; };
		3F2516A129269644008F5820 /* ImageLoader.swift */ = {isa = PBXFileReference; lastKnownFileType = sourcecode.swift; path = ImageLoader.swift; sourceTree = "<group>"; };
		3F2516A329269665008F5820 /* ImageLoaderError.swift */ = {isa = PBXFileReference; lastKnownFileType = sourcecode.swift; path = ImageLoaderError.swift; sourceTree = "<group>"; };
		3F2516A529269706008F5820 /* GlobalConstants.swift */ = {isa = PBXFileReference; lastKnownFileType = sourcecode.swift; path = GlobalConstants.swift; sourceTree = "<group>"; };
		3F2516A7292699CE008F5820 /* CurrencyFormatter.swift */ = {isa = PBXFileReference; lastKnownFileType = sourcecode.swift; path = CurrencyFormatter.swift; sourceTree = "<group>"; };
		3F2C06392927C166009F84D4 /* ProductPresenter.swift */ = {isa = PBXFileReference; lastKnownFileType = sourcecode.swift; path = ProductPresenter.swift; sourceTree = "<group>"; };
		3F2C063A2927C166009F84D4 /* ProductRouter.swift */ = {isa = PBXFileReference; lastKnownFileType = sourcecode.swift; path = ProductRouter.swift; sourceTree = "<group>"; };
		3F2C063B2927C166009F84D4 /* ProductViewController.swift */ = {isa = PBXFileReference; lastKnownFileType = sourcecode.swift; path = ProductViewController.swift; sourceTree = "<group>"; };
		3F2C063C2927C166009F84D4 /* ProductProtocols.swift */ = {isa = PBXFileReference; lastKnownFileType = sourcecode.swift; path = ProductProtocols.swift; sourceTree = "<group>"; };
		3F2C063D2927C166009F84D4 /* ProductInteractor.swift */ = {isa = PBXFileReference; lastKnownFileType = sourcecode.swift; path = ProductInteractor.swift; sourceTree = "<group>"; };
		3F2C063E2927C166009F84D4 /* ProductContainer.swift */ = {isa = PBXFileReference; lastKnownFileType = sourcecode.swift; path = ProductContainer.swift; sourceTree = "<group>"; };
		3F2C06462927C1A1009F84D4 /* ProductCell.swift */ = {isa = PBXFileReference; lastKnownFileType = sourcecode.swift; path = ProductCell.swift; sourceTree = "<group>"; };
		3F5A22AF2909988100438114 /* Typealias.swift */ = {isa = PBXFileReference; lastKnownFileType = sourcecode.swift; path = Typealias.swift; sourceTree = "<group>"; };
		3F5A22B12909993E00438114 /* AppCoordinator.swift */ = {isa = PBXFileReference; lastKnownFileType = sourcecode.swift; path = AppCoordinator.swift; sourceTree = "<group>"; };
		3F5A22B529099E8500438114 /* SBSansUI-Regular.ttf */ = {isa = PBXFileReference; lastKnownFileType = file; path = "SBSansUI-Regular.ttf"; sourceTree = "<group>"; };
		3F5A22B629099E8600438114 /* SBSansDisplay-SemiBold.ttf */ = {isa = PBXFileReference; lastKnownFileType = file; path = "SBSansDisplay-SemiBold.ttf"; sourceTree = "<group>"; };
		3F5A22BB290ADC2700438114 /* ProgrammaticallyInitializableViewProtocol.swift */ = {isa = PBXFileReference; lastKnownFileType = sourcecode.swift; path = ProgrammaticallyInitializableViewProtocol.swift; sourceTree = "<group>"; };
		3F5A22BE290ADD8300438114 /* ReuseIdentifier.swift */ = {isa = PBXFileReference; lastKnownFileType = sourcecode.swift; path = ReuseIdentifier.swift; sourceTree = "<group>"; };
		3F5A22C0290ADF0E00438114 /* UISearchBar + Extension.swift */ = {isa = PBXFileReference; lastKnownFileType = sourcecode.swift; path = "UISearchBar + Extension.swift"; sourceTree = "<group>"; };
		3F5A22C9290AE68B00438114 /* CatalogueViewModel.swift */ = {isa = PBXFileReference; lastKnownFileType = sourcecode.swift; path = CatalogueViewModel.swift; sourceTree = "<group>"; };
		3F5A22CD290AE6FE00438114 /* CatalogueCell.swift */ = {isa = PBXFileReference; lastKnownFileType = sourcecode.swift; path = CatalogueCell.swift; sourceTree = "<group>"; };
		3F6E98ED2906E65500F25E9B /* README.md */ = {isa = PBXFileReference; lastKnownFileType = net.daringfireball.markdown; path = README.md; sourceTree = "<group>"; };
		3F6E98FA2906F4A200F25E9B /* Localize.swift */ = {isa = PBXFileReference; lastKnownFileType = sourcecode.swift; path = Localize.swift; sourceTree = "<group>"; };
		3F6E98FC2906F4AE00F25E9B /* Colors.swift */ = {isa = PBXFileReference; lastKnownFileType = sourcecode.swift; path = Colors.swift; sourceTree = "<group>"; };
		3F6E99002906F53E00F25E9B /* UIColor + Extension.swift */ = {isa = PBXFileReference; lastKnownFileType = sourcecode.swift; path = "UIColor + Extension.swift"; sourceTree = "<group>"; };
		3F6E99022906F5D200F25E9B /* Font.swift */ = {isa = PBXFileReference; lastKnownFileType = sourcecode.swift; path = Font.swift; sourceTree = "<group>"; };
		3F6E99042908361D00F25E9B /* Categories.swift */ = {isa = PBXFileReference; lastKnownFileType = sourcecode.swift; path = Categories.swift; sourceTree = "<group>"; };
		3F7A78D029098A5500B24982 /* NetworkService.swift */ = {isa = PBXFileReference; lastKnownFileType = sourcecode.swift; path = NetworkService.swift; sourceTree = "<group>"; };
		3F7A78D229098AE500B24982 /* NetworkService + Extension.swift */ = {isa = PBXFileReference; lastKnownFileType = sourcecode.swift; path = "NetworkService + Extension.swift"; sourceTree = "<group>"; };
		3F7A78D429098B1500B24982 /* NetworkServiceProtocol.swift */ = {isa = PBXFileReference; lastKnownFileType = sourcecode.swift; path = NetworkServiceProtocol.swift; sourceTree = "<group>"; };
		3F7A78D629098F4600B24982 /* AppDependency.swift */ = {isa = PBXFileReference; lastKnownFileType = sourcecode.swift; path = AppDependency.swift; sourceTree = "<group>"; };
		3F81A70B292FC99500D41DCF /* IndicatorProtocol.swift */ = {isa = PBXFileReference; lastKnownFileType = sourcecode.swift; path = IndicatorProtocol.swift; sourceTree = "<group>"; };
		3F81A70D292FC9C700D41DCF /* UpdateTabBarProtocol.swift */ = {isa = PBXFileReference; lastKnownFileType = sourcecode.swift; path = UpdateTabBarProtocol.swift; sourceTree = "<group>"; };
		3F8A6F32291026E600BB8190 /* CatalogueTableViewAdapter.swift */ = {isa = PBXFileReference; lastKnownFileType = sourcecode.swift; path = CatalogueTableViewAdapter.swift; sourceTree = "<group>"; };
		3F8A6F3529102A1500BB8190 /* BaseView.swift */ = {isa = PBXFileReference; lastKnownFileType = sourcecode.swift; path = BaseView.swift; sourceTree = "<group>"; };
		3F8A6F3A29102E5C00BB8190 /* CatalogueView.swift */ = {isa = PBXFileReference; lastKnownFileType = sourcecode.swift; path = CatalogueView.swift; sourceTree = "<group>"; };
		3F91E42D292D31BC0000A994 /* ShoppingCartModel.xcdatamodel */ = {isa = PBXFileReference; lastKnownFileType = wrapper.xcdatamodel; path = ShoppingCartModel.xcdatamodel; sourceTree = "<group>"; };
		3F91E430292D338E0000A994 /* ProductCDModel+CoreDataClass.swift */ = {isa = PBXFileReference; lastKnownFileType = sourcecode.swift; path = "ProductCDModel+CoreDataClass.swift"; sourceTree = SOURCE_ROOT; };
		3F91E431292D338E0000A994 /* ProductCDModel+CoreDataProperties.swift */ = {isa = PBXFileReference; lastKnownFileType = sourcecode.swift; path = "ProductCDModel+CoreDataProperties.swift"; sourceTree = SOURCE_ROOT; };
		3F91E435292D34110000A994 /* PersistentConstants.swift */ = {isa = PBXFileReference; lastKnownFileType = sourcecode.swift; path = PersistentConstants.swift; sourceTree = "<group>"; };
		3F91E437292D34360000A994 /* PersistentState.swift */ = {isa = PBXFileReference; lastKnownFileType = sourcecode.swift; path = PersistentState.swift; sourceTree = "<group>"; };
		3F91E439292D34570000A994 /* PersistentProvider.swift */ = {isa = PBXFileReference; lastKnownFileType = sourcecode.swift; path = PersistentProvider.swift; sourceTree = "<group>"; };
		3F91E43B292D34710000A994 /* PersistentProviderProtocol.swift */ = {isa = PBXFileReference; lastKnownFileType = sourcecode.swift; path = PersistentProviderProtocol.swift; sourceTree = "<group>"; };
		3F91E43D292D34980000A994 /* PersistentProvider + Products.swift */ = {isa = PBXFileReference; lastKnownFileType = sourcecode.swift; path = "PersistentProvider + Products.swift"; sourceTree = "<group>"; };
		3F91E440292E3C2D0000A994 /* OnboardingViewController.swift */ = {isa = PBXFileReference; lastKnownFileType = sourcecode.swift; path = OnboardingViewController.swift; sourceTree = "<group>"; };
		3F91E442292E3C5A0000A994 /* PageViewController.swift */ = {isa = PBXFileReference; lastKnownFileType = sourcecode.swift; path = PageViewController.swift; sourceTree = "<group>"; };
		3F93D02B2905F072003FF558 /* ShoppingCart.app */ = {isa = PBXFileReference; explicitFileType = wrapper.application; includeInIndex = 0; path = ShoppingCart.app; sourceTree = BUILT_PRODUCTS_DIR; };
		3F93D02E2905F072003FF558 /* AppDelegate.swift */ = {isa = PBXFileReference; lastKnownFileType = sourcecode.swift; path = AppDelegate.swift; sourceTree = "<group>"; };
		3F93D0372905F075003FF558 /* Assets.xcassets */ = {isa = PBXFileReference; lastKnownFileType = folder.assetcatalog; path = Assets.xcassets; sourceTree = "<group>"; };
		3F93D03A2905F075003FF558 /* Base */ = {isa = PBXFileReference; lastKnownFileType = file.storyboard; name = Base; path = Base.lproj/LaunchScreen.storyboard; sourceTree = "<group>"; };
		3F93D03C2905F075003FF558 /* Info.plist */ = {isa = PBXFileReference; lastKnownFileType = text.plist.xml; path = Info.plist; sourceTree = "<group>"; };
		3F966893290848B80034FEFE /* CataloguePresenter.swift */ = {isa = PBXFileReference; lastKnownFileType = sourcecode.swift; path = CataloguePresenter.swift; sourceTree = "<group>"; };
		3F966894290848B80034FEFE /* CatalogueRouter.swift */ = {isa = PBXFileReference; lastKnownFileType = sourcecode.swift; path = CatalogueRouter.swift; sourceTree = "<group>"; };
		3F966895290848B80034FEFE /* CatalogueViewController.swift */ = {isa = PBXFileReference; lastKnownFileType = sourcecode.swift; path = CatalogueViewController.swift; sourceTree = "<group>"; };
		3F966896290848B80034FEFE /* CatalogueProtocols.swift */ = {isa = PBXFileReference; lastKnownFileType = sourcecode.swift; path = CatalogueProtocols.swift; sourceTree = "<group>"; };
		3F966897290848B80034FEFE /* CatalogueInteractor.swift */ = {isa = PBXFileReference; lastKnownFileType = sourcecode.swift; path = CatalogueInteractor.swift; sourceTree = "<group>"; };
		3F966898290848B80034FEFE /* CatalogueContainer.swift */ = {isa = PBXFileReference; lastKnownFileType = sourcecode.swift; path = CatalogueContainer.swift; sourceTree = "<group>"; };
		3F9668A02909878E0034FEFE /* API.swift */ = {isa = PBXFileReference; lastKnownFileType = sourcecode.swift; path = API.swift; sourceTree = "<group>"; };
		3F9668A22909884F0034FEFE /* URLFactory.swift */ = {isa = PBXFileReference; lastKnownFileType = sourcecode.swift; path = URLFactory.swift; sourceTree = "<group>"; };
		949AC60969A23CB238DEF102 /* Pods_ShoppingCart.framework */ = {isa = PBXFileReference; explicitFileType = wrapper.framework; includeInIndex = 0; path = Pods_ShoppingCart.framework; sourceTree = BUILT_PRODUCTS_DIR; };
/* End PBXFileReference section */

/* Begin PBXFrameworksBuildPhase section */
		3F93D0282905F072003FF558 /* Frameworks */ = {
			isa = PBXFrameworksBuildPhase;
			buildActionMask = 2147483647;
			files = (
				9896D0838BABF26E6FBCAA83 /* Pods_ShoppingCart.framework in Frameworks */,
			);
			runOnlyForDeploymentPostprocessing = 0;
		};
/* End PBXFrameworksBuildPhase section */

/* Begin PBXGroup section */
		1DBF2E630D16D872219EE44B /* Frameworks */ = {
			isa = PBXGroup;
			children = (
				949AC60969A23CB238DEF102 /* Pods_ShoppingCart.framework */,
			);
			name = Frameworks;
			sourceTree = "<group>";
		};
		3F08A60D292D062100F02EDF /* 💾CoreData */ = {
			isa = PBXGroup;
			children = (
				3F91E434292D33FA0000A994 /* 💽Constant */,
				3F91E42F292D33690000A994 /* 👯‍♀️Models */,
				3F91E42C292D31BC0000A994 /* ShoppingCartModel.xcdatamodeld */,
				3F91E439292D34570000A994 /* PersistentProvider.swift */,
				3F91E43B292D34710000A994 /* PersistentProviderProtocol.swift */,
				3F91E43D292D34980000A994 /* PersistentProvider + Products.swift */,
			);
			path = "💾CoreData";
			sourceTree = "<group>";
		};
		3F12B00C292E55FD00338F1D /* 🛒Cart */ = {
			isa = PBXGroup;
			children = (
				3F12B00D292E561D00338F1D /* 🌁View */,
				3F12B018292E56D000338F1D /* CartViewController.swift */,
				3F12B01C292E56FC00338F1D /* CartInteractor.swift */,
				3F12B014292E56A400338F1D /* CartPresenter.swift */,
				3F12B020292E573B00338F1D /* CartViewModel.swift */,
				3F12B016292E56BA00338F1D /* CartRouter.swift */,
				3F12B01A292E56E700338F1D /* CartProtocols.swift */,
				3F12B01E292E571200338F1D /* CartContainer.swift */,
			);
			path = "🛒Cart";
			sourceTree = "<group>";
		};
		3F12B00D292E561D00338F1D /* 🌁View */ = {
			isa = PBXGroup;
			children = (
				3F12B00E292E565600338F1D /* CartCell.swift */,
				3F12B010292E567700338F1D /* CartTableViewAdapter.swift */,
				3F12B012292E568E00338F1D /* CartView.swift */,
			);
			path = "🌁View";
			sourceTree = "<group>";
		};
		3F12B022292F892D00338F1D /* ✅Checkout */ = {
			isa = PBXGroup;
			children = (
				3F12B023292F899100338F1D /* 🌁View */,
				3F12B02A292F8A0900338F1D /* CheckoutPresenter.swift */,
				3F12B02C292F8A2700338F1D /* CheckoutRouter.swift */,
				3F12B02E292F8A4400338F1D /* CheckoutViewController.swift */,
				3F12B030292F8A5A00338F1D /* CheckoutProtocols.swift */,
				3F12B032292F8A7100338F1D /* CheckoutInteractor.swift */,
				3F12B034292F8A8B00338F1D /* CheckoutContainer.swift */,
			);
			path = "✅Checkout";
			sourceTree = "<group>";
		};
		3F12B023292F899100338F1D /* 🌁View */ = {
			isa = PBXGroup;
			children = (
				3F12B024292F89C100338F1D /* CheckoutCell.swift */,
				3F12B026292F89DF00338F1D /* CheckoutTableViewAdapter.swift */,
				3F12B028292F89F500338F1D /* CheckoutView.swift */,
			);
			path = "🌁View";
			sourceTree = "<group>";
		};
		3F12B036292F8E8B00338F1D /* 👤Profile */ = {
			isa = PBXGroup;
			children = (
				3F12B037292F8ED100338F1D /* ProfilePresenter.swift */,
				3F12B039292F8EE600338F1D /* ProfileRouter.swift */,
				3F12B03B292F8F0100338F1D /* ProfileViewController.swift */,
				3F12B03D292F8F1200338F1D /* ProfileProtocols.swift */,
				3F12B03F292F8F2400338F1D /* ProfileInteractor.swift */,
				3F12B041292F8F3500338F1D /* ProfileContainer.swift */,
				3F12B043292F908A00338F1D /* ProfileView.swift */,
			);
			path = "👤Profile";
			sourceTree = "<group>";
		};
		3F25169C29269570008F5820 /* 🎆ImageLoader */ = {
			isa = PBXGroup;
			children = (
				3F25169D292695C0008F5820 /* LRUCache.swift */,
				3F25169F29269617008F5820 /* ImageCache.swift */,
				3F2516A129269644008F5820 /* ImageLoader.swift */,
				3F2516A329269665008F5820 /* ImageLoaderError.swift */,
			);
			path = "🎆ImageLoader";
			sourceTree = "<group>";
		};
		3F2516A9292699D6008F5820 /* 💰CurrencyFormatter */ = {
			isa = PBXGroup;
			children = (
				3F2516A7292699CE008F5820 /* CurrencyFormatter.swift */,
			);
			path = "💰CurrencyFormatter";
			sourceTree = "<group>";
		};
		3F2C06382927C092009F84D4 /* 💻Product */ = {
			isa = PBXGroup;
			children = (
				3F2C06452927C182009F84D4 /* 🌁View */,
				3F2C063B2927C166009F84D4 /* ProductViewController.swift */,
				3F2C063D2927C166009F84D4 /* ProductInteractor.swift */,
				3F2C06392927C166009F84D4 /* ProductPresenter.swift */,
				3F08A6012927C61900F02EDF /* ProductViewModel.swift */,
				3F2C063A2927C166009F84D4 /* ProductRouter.swift */,
				3F2C063C2927C166009F84D4 /* ProductProtocols.swift */,
				3F2C063E2927C166009F84D4 /* ProductContainer.swift */,
			);
			path = "💻Product";
			sourceTree = "<group>";
		};
		3F2C06452927C182009F84D4 /* 🌁View */ = {
			isa = PBXGroup;
			children = (
				3F2C06462927C1A1009F84D4 /* ProductCell.swift */,
				3F08A6052927C8C000F02EDF /* ProductCollectionViewAdapter.swift */,
				3F08A6072927C91000F02EDF /* ProductView.swift */,
				3F08A6032927C87200F02EDF /* ProductViewProtocol.swift */,
			);
			path = "🌁View";
			sourceTree = "<group>";
		};
		3F6E98EE2906EF6C00F25E9B /* 🗺Coordinator */ = {
			isa = PBXGroup;
			children = (
				3F5A22B12909993E00438114 /* AppCoordinator.swift */,
			);
			path = "🗺Coordinator";
			sourceTree = "<group>";
		};
		3F6E98EF2906F07F00F25E9B /* 📚Modules */ = {
			isa = PBXGroup;
			children = (
				3F12B00C292E55FD00338F1D /* 🛒Cart */,
				3F12B022292F892D00338F1D /* ✅Checkout */,
				3F91E43F292E3BF40000A994 /* 📽Onboarding */,
				3F2C06382927C092009F84D4 /* 💻Product */,
				3F12B036292F8E8B00338F1D /* 👤Profile */,
				3F6E991429083FDC00F25E9B /* 🗂Catalogue */,
			);
			path = "📚Modules";
			sourceTree = "<group>";
		};
		3F6E98F02906F08A00F25E9B /* ⚙️Dependency */ = {
			isa = PBXGroup;
			children = (
				3F7A78D629098F4600B24982 /* AppDependency.swift */,
			);
			path = "⚙️Dependency";
			sourceTree = "<group>";
		};
		3F6E98F12906F0B200F25E9B /* 🧩Components */ = {
			isa = PBXGroup;
			children = (
				3F8A6F3729102CC400BB8190 /* 📜Protocols */,
				3F8A6F342910296700BB8190 /* 🐍VIPER */,
				3F08A627292D166B00F02EDF /* TextField.swift */,
				3F5A22AF2909988100438114 /* Typealias.swift */,
			);
			path = "🧩Components";
			sourceTree = "<group>";
		};
		3F6E98F22906F0BC00F25E9B /* 💃🏼Models */ = {
			isa = PBXGroup;
			children = (
				3F6E99042908361D00F25E9B /* Categories.swift */,
				3F08A625292D086700F02EDF /* Product.swift */,
				3F08A62D292D17D900F02EDF /* AddCartResponse.swift */,
				3F08A62F292D17F500F02EDF /* User.swift */,
			);
			path = "💃🏼Models";
			sourceTree = "<group>";
		};
		3F6E98F42906F12D00F25E9B /* 👷🏻‍♂️Helpers */ = {
			isa = PBXGroup;
			children = (
				3F6E98F72906F46800F25E9B /* 🔒Constants */,
				3F6E98F82906F47400F25E9B /* 🖊Fonts */,
				3F6E98F92906F47A00F25E9B /* 😺UIKit */,
			);
			path = "👷🏻‍♂️Helpers";
			sourceTree = "<group>";
		};
		3F6E98F72906F46800F25E9B /* 🔒Constants */ = {
			isa = PBXGroup;
			children = (
				3F6E98FC2906F4AE00F25E9B /* Colors.swift */,
				3F2516A529269706008F5820 /* GlobalConstants.swift */,
				3F6E98FA2906F4A200F25E9B /* Localize.swift */,
			);
			path = "🔒Constants";
			sourceTree = "<group>";
		};
		3F6E98F82906F47400F25E9B /* 🖊Fonts */ = {
			isa = PBXGroup;
			children = (
				3F5A22B629099E8600438114 /* SBSansDisplay-SemiBold.ttf */,
				3F5A22B529099E8500438114 /* SBSansUI-Regular.ttf */,
			);
			path = "🖊Fonts";
			sourceTree = "<group>";
		};
		3F6E98F92906F47A00F25E9B /* 😺UIKit */ = {
			isa = PBXGroup;
			children = (
				3F6E99022906F5D200F25E9B /* Font.swift */,
				3F5A22BE290ADD8300438114 /* ReuseIdentifier.swift */,
				3F6E99002906F53E00F25E9B /* UIColor + Extension.swift */,
				3F5A22C0290ADF0E00438114 /* UISearchBar + Extension.swift */,
				3F08A635292D1A0C00F02EDF /* UITableView + Extension.swift */,
				3F08A639292D1A4C00F02EDF /* UIImageView + Extension.swift */,
				3F08A63B292D1A6F00F02EDF /* UICollectionView + Extension.swift */,
				3F08A63D292D1A8700F02EDF /* UIApplication + Extension.swift */,
			);
			path = "😺UIKit";
			sourceTree = "<group>";
		};
		3F6E9907290836C200F25E9B /* 👩🏼‍🔧Services */ = {
			isa = PBXGroup;
			children = (
				3F08A60D292D062100F02EDF /* 💾CoreData */,
				3F2516A9292699D6008F5820 /* 💰CurrencyFormatter */,
				3F25169C29269570008F5820 /* 🎆ImageLoader */,
				3F96689F290987660034FEFE /* 🌏Network */,
			);
			path = "👩🏼‍🔧Services";
			sourceTree = "<group>";
		};
		3F6E991429083FDC00F25E9B /* 🗂Catalogue */ = {
			isa = PBXGroup;
			children = (
				3F8A6F31291022AB00BB8190 /* 🌁View */,
				3F966895290848B80034FEFE /* CatalogueViewController.swift */,
				3F966897290848B80034FEFE /* CatalogueInteractor.swift */,
				3F966893290848B80034FEFE /* CataloguePresenter.swift */,
				3F5A22C9290AE68B00438114 /* CatalogueViewModel.swift */,
				3F966894290848B80034FEFE /* CatalogueRouter.swift */,
				3F966896290848B80034FEFE /* CatalogueProtocols.swift */,
				3F966898290848B80034FEFE /* CatalogueContainer.swift */,
			);
			path = "🗂Catalogue";
			sourceTree = "<group>";
		};
		3F8A6F31291022AB00BB8190 /* 🌁View */ = {
			isa = PBXGroup;
			children = (
				3F5A22CD290AE6FE00438114 /* CatalogueCell.swift */,
				3F8A6F32291026E600BB8190 /* CatalogueTableViewAdapter.swift */,
				3F8A6F3A29102E5C00BB8190 /* CatalogueView.swift */,
			);
			path = "🌁View";
			sourceTree = "<group>";
		};
		3F8A6F342910296700BB8190 /* 🐍VIPER */ = {
			isa = PBXGroup;
			children = (
				3F08A609292D036800F02EDF /* BaseInteractor.swift */,
				3F0FE8752912C37C00286A40 /* BaseRouter.swift */,
				3F8A6F3529102A1500BB8190 /* BaseView.swift */,
				3F08A62B292D173A00F02EDF /* BaseViewController.swift */,
			);
			path = "🐍VIPER";
			sourceTree = "<group>";
		};
		3F8A6F3729102CC400BB8190 /* 📜Protocols */ = {
			isa = PBXGroup;
			children = (
				3F81A70B292FC99500D41DCF /* IndicatorProtocol.swift */,
				3F5A22BB290ADC2700438114 /* ProgrammaticallyInitializableViewProtocol.swift */,
				3F81A70D292FC9C700D41DCF /* UpdateTabBarProtocol.swift */,
			);
			path = "📜Protocols";
			sourceTree = "<group>";
		};
		3F91E42F292D33690000A994 /* 👯‍♀️Models */ = {
			isa = PBXGroup;
			children = (
				3F91E430292D338E0000A994 /* ProductCDModel+CoreDataClass.swift */,
				3F91E431292D338E0000A994 /* ProductCDModel+CoreDataProperties.swift */,
			);
			path = "👯‍♀️Models";
			sourceTree = "<group>";
		};
		3F91E434292D33FA0000A994 /* 💽Constant */ = {
			isa = PBXGroup;
			children = (
				3F91E435292D34110000A994 /* PersistentConstants.swift */,
				3F91E437292D34360000A994 /* PersistentState.swift */,
			);
			path = "💽Constant";
			sourceTree = "<group>";
		};
		3F91E43F292E3BF40000A994 /* 📽Onboarding */ = {
			isa = PBXGroup;
			children = (
				3F91E440292E3C2D0000A994 /* OnboardingViewController.swift */,
				3F91E442292E3C5A0000A994 /* PageViewController.swift */,
			);
			path = "📽Onboarding";
			sourceTree = "<group>";
		};
		3F93D0222905F072003FF558 = {
			isa = PBXGroup;
			children = (
				3F6E98ED2906E65500F25E9B /* README.md */,
				3F93D02D2905F072003FF558 /* ShoppingCart */,
				3F93D02C2905F072003FF558 /* Products */,
				E56B749EA4FDB6ECEFEAC60F /* Pods */,
				1DBF2E630D16D872219EE44B /* Frameworks */,
			);
			sourceTree = "<group>";
		};
		3F93D02C2905F072003FF558 /* Products */ = {
			isa = PBXGroup;
			children = (
				3F93D02B2905F072003FF558 /* ShoppingCart.app */,
			);
			name = Products;
			sourceTree = "<group>";
		};
		3F93D02D2905F072003FF558 /* ShoppingCart */ = {
			isa = PBXGroup;
			children = (
				3F93D0432905F0D5003FF558 /* Sources */,
			);
			path = ShoppingCart;
			sourceTree = "<group>";
		};
		3F93D0422905F0CE003FF558 /* 📱App */ = {
			isa = PBXGroup;
			children = (
				3F93D02E2905F072003FF558 /* AppDelegate.swift */,
				3F93D0372905F075003FF558 /* Assets.xcassets */,
				3F93D0392905F075003FF558 /* LaunchScreen.storyboard */,
				3F93D03C2905F075003FF558 /* Info.plist */,
			);
			path = "📱App";
			sourceTree = "<group>";
		};
		3F93D0432905F0D5003FF558 /* Sources */ = {
			isa = PBXGroup;
			children = (
				3F93D0422905F0CE003FF558 /* 📱App */,
				3F6E98F12906F0B200F25E9B /* 🧩Components */,
				3F6E98EE2906EF6C00F25E9B /* 🗺Coordinator */,
				3F6E98F02906F08A00F25E9B /* ⚙️Dependency */,
				3F6E98F42906F12D00F25E9B /* 👷🏻‍♂️Helpers */,
				3F6E98F22906F0BC00F25E9B /* 💃🏼Models */,
				3F6E98EF2906F07F00F25E9B /* 📚Modules */,
				3F6E9907290836C200F25E9B /* 👩🏼‍🔧Services */,
			);
			path = Sources;
			sourceTree = "<group>";
		};
		3F96689F290987660034FEFE /* 🌏Network */ = {
			isa = PBXGroup;
			children = (
				3F9668A02909878E0034FEFE /* API.swift */,
				3F9668A22909884F0034FEFE /* URLFactory.swift */,
				3F7A78D029098A5500B24982 /* NetworkService.swift */,
				3F7A78D429098B1500B24982 /* NetworkServiceProtocol.swift */,
				3F7A78D229098AE500B24982 /* NetworkService + Extension.swift */,
				3F08A631292D18FA00F02EDF /* HTTPMethod.swift */,
				3F08A633292D191600F02EDF /* FieldsEncoder.swift */,
			);
			path = "🌏Network";
			sourceTree = "<group>";
		};
		E56B749EA4FDB6ECEFEAC60F /* Pods */ = {
			isa = PBXGroup;
			children = (
				202DBB3A38CD7C65091D1040 /* Pods-ShoppingCart.debug.xcconfig */,
				1CE6ADAD1E5B0C5B441E5112 /* Pods-ShoppingCart.release.xcconfig */,
			);
			path = Pods;
			sourceTree = "<group>";
		};
/* End PBXGroup section */

/* Begin PBXNativeTarget section */
		3F93D02A2905F072003FF558 /* ShoppingCart */ = {
			isa = PBXNativeTarget;
			buildConfigurationList = 3F93D03F2905F075003FF558 /* Build configuration list for PBXNativeTarget "ShoppingCart" */;
			buildPhases = (
				C5BB5D0EE2BA8E6C61EE3DB0 /* [CP] Check Pods Manifest.lock */,
				3F93D0442905F4D3003FF558 /* SwiftLint */,
				3F93D0272905F072003FF558 /* Sources */,
				3F93D0282905F072003FF558 /* Frameworks */,
				3F93D0292905F072003FF558 /* Resources */,
			);
			buildRules = (
			);
			dependencies = (
			);
			name = ShoppingCart;
			productName = ShoppingCart;
			productReference = 3F93D02B2905F072003FF558 /* ShoppingCart.app */;
			productType = "com.apple.product-type.application";
		};
/* End PBXNativeTarget section */

/* Begin PBXProject section */
		3F93D0232905F072003FF558 /* Project object */ = {
			isa = PBXProject;
			attributes = {
				BuildIndependentTargetsInParallel = 1;
				LastSwiftUpdateCheck = 1400;
				LastUpgradeCheck = 1400;
				TargetAttributes = {
					3F93D02A2905F072003FF558 = {
						CreatedOnToolsVersion = 14.0.1;
					};
				};
			};
			buildConfigurationList = 3F93D0262905F072003FF558 /* Build configuration list for PBXProject "ShoppingCart" */;
			compatibilityVersion = "Xcode 14.0";
			developmentRegion = en;
			hasScannedForEncodings = 0;
			knownRegions = (
				en,
				Base,
			);
			mainGroup = 3F93D0222905F072003FF558;
			productRefGroup = 3F93D02C2905F072003FF558 /* Products */;
			projectDirPath = "";
			projectRoot = "";
			targets = (
				3F93D02A2905F072003FF558 /* ShoppingCart */,
			);
		};
/* End PBXProject section */

/* Begin PBXResourcesBuildPhase section */
		3F93D0292905F072003FF558 /* Resources */ = {
			isa = PBXResourcesBuildPhase;
			buildActionMask = 2147483647;
			files = (
				3F5A22B729099E8600438114 /* SBSansUI-Regular.ttf in Resources */,
				3F93D03B2905F075003FF558 /* LaunchScreen.storyboard in Resources */,
				3F5A22B829099E8600438114 /* SBSansDisplay-SemiBold.ttf in Resources */,
				3F93D0382905F075003FF558 /* Assets.xcassets in Resources */,
			);
			runOnlyForDeploymentPostprocessing = 0;
		};
/* End PBXResourcesBuildPhase section */

/* Begin PBXShellScriptBuildPhase section */
		3F93D0442905F4D3003FF558 /* SwiftLint */ = {
			isa = PBXShellScriptBuildPhase;
			alwaysOutOfDate = 1;
			buildActionMask = 2147483647;
			files = (
			);
			inputFileListPaths = (
			);
			inputPaths = (
			);
			name = SwiftLint;
			outputFileListPaths = (
			);
			outputPaths = (
			);
			runOnlyForDeploymentPostprocessing = 0;
			shellPath = /bin/sh;
			shellScript = "\"${PODS_ROOT}/SwiftLint/swiftlint\"\n";
		};
		C5BB5D0EE2BA8E6C61EE3DB0 /* [CP] Check Pods Manifest.lock */ = {
			isa = PBXShellScriptBuildPhase;
			buildActionMask = 2147483647;
			files = (
			);
			inputFileListPaths = (
			);
			inputPaths = (
				"${PODS_PODFILE_DIR_PATH}/Podfile.lock",
				"${PODS_ROOT}/Manifest.lock",
			);
			name = "[CP] Check Pods Manifest.lock";
			outputFileListPaths = (
			);
			outputPaths = (
				"$(DERIVED_FILE_DIR)/Pods-ShoppingCart-checkManifestLockResult.txt",
			);
			runOnlyForDeploymentPostprocessing = 0;
			shellPath = /bin/sh;
			shellScript = "diff \"${PODS_PODFILE_DIR_PATH}/Podfile.lock\" \"${PODS_ROOT}/Manifest.lock\" > /dev/null\nif [ $? != 0 ] ; then\n    # print error to STDERR\n    echo \"error: The sandbox is not in sync with the Podfile.lock. Run 'pod install' or update your CocoaPods installation.\" >&2\n    exit 1\nfi\n# This output is used by Xcode 'outputs' to avoid re-running this script phase.\necho \"SUCCESS\" > \"${SCRIPT_OUTPUT_FILE_0}\"\n";
			showEnvVarsInLog = 0;
		};
/* End PBXShellScriptBuildPhase section */

/* Begin PBXSourcesBuildPhase section */
		3F93D0272905F072003FF558 /* Sources */ = {
			isa = PBXSourcesBuildPhase;
			buildActionMask = 2147483647;
			files = (
				3F5A22B22909993E00438114 /* AppCoordinator.swift in Sources */,
				3F12B00F292E565600338F1D /* CartCell.swift in Sources */,
				3F08A636292D1A0C00F02EDF /* UITableView + Extension.swift in Sources */,
				3F2C06432927C166009F84D4 /* ProductInteractor.swift in Sources */,
				3F91E441292E3C2D0000A994 /* OnboardingViewController.swift in Sources */,
				3F12B01B292E56E700338F1D /* CartProtocols.swift in Sources */,
				3F12B02D292F8A2700338F1D /* CheckoutRouter.swift in Sources */,
				3F12B042292F8F3500338F1D /* ProfileContainer.swift in Sources */,
				3F2516A8292699CE008F5820 /* CurrencyFormatter.swift in Sources */,
				3F08A628292D166B00F02EDF /* TextField.swift in Sources */,
				3F12B019292E56D000338F1D /* CartViewController.swift in Sources */,
				3F91E443292E3C5A0000A994 /* PageViewController.swift in Sources */,
				3F12B035292F8A8B00338F1D /* CheckoutContainer.swift in Sources */,
				3F91E42E292D31BC0000A994 /* ShoppingCartModel.xcdatamodeld in Sources */,
				3F12B040292F8F2400338F1D /* ProfileInteractor.swift in Sources */,
				3F81A70C292FC99500D41DCF /* IndicatorProtocol.swift in Sources */,
				3F5A22C1290ADF0E00438114 /* UISearchBar + Extension.swift in Sources */,
				3F91E436292D34110000A994 /* PersistentConstants.swift in Sources */,
				3F08A6082927C91000F02EDF /* ProductView.swift in Sources */,
				3F91E433292D338E0000A994 /* ProductCDModel+CoreDataProperties.swift in Sources */,
				3F08A6062927C8C000F02EDF /* ProductCollectionViewAdapter.swift in Sources */,
				3F6E98FB2906F4A200F25E9B /* Localize.swift in Sources */,
				3F81A70E292FC9C700D41DCF /* UpdateTabBarProtocol.swift in Sources */,
				3F96689B290848B80034FEFE /* CatalogueViewController.swift in Sources */,
				3F08A632292D18FA00F02EDF /* HTTPMethod.swift in Sources */,
				3F8A6F33291026E600BB8190 /* CatalogueTableViewAdapter.swift in Sources */,
				3F6E99052908361D00F25E9B /* Categories.swift in Sources */,
				3F0FE8762912C37C00286A40 /* BaseRouter.swift in Sources */,
				3F91E43E292D34980000A994 /* PersistentProvider + Products.swift in Sources */,
				3F2C063F2927C166009F84D4 /* ProductPresenter.swift in Sources */,
				3F6E98FD2906F4AE00F25E9B /* Colors.swift in Sources */,
				3F91E43A292D34570000A994 /* PersistentProvider.swift in Sources */,
				3F12B031292F8A5A00338F1D /* CheckoutProtocols.swift in Sources */,
				3F7A78D329098AE500B24982 /* NetworkService + Extension.swift in Sources */,
				3F12B02F292F8A4400338F1D /* CheckoutViewController.swift in Sources */,
				3F08A626292D086700F02EDF /* Product.swift in Sources */,
				3F08A6022927C61900F02EDF /* ProductViewModel.swift in Sources */,
				3F08A60A292D036800F02EDF /* BaseInteractor.swift in Sources */,
				3F12B029292F89F500338F1D /* CheckoutView.swift in Sources */,
				3F08A63A292D1A4C00F02EDF /* UIImageView + Extension.swift in Sources */,
				3F08A634292D191600F02EDF /* FieldsEncoder.swift in Sources */,
				3F12B017292E56BA00338F1D /* CartRouter.swift in Sources */,
				3F9668A12909878E0034FEFE /* API.swift in Sources */,
				3F12B03E292F8F1200338F1D /* ProfileProtocols.swift in Sources */,
				3F5A22BF290ADD8300438114 /* ReuseIdentifier.swift in Sources */,
				3F08A63C292D1A6F00F02EDF /* UICollectionView + Extension.swift in Sources */,
				3F7A78D729098F4600B24982 /* AppDependency.swift in Sources */,
				3F91E432292D338E0000A994 /* ProductCDModel+CoreDataClass.swift in Sources */,
				3F12B021292E573B00338F1D /* CartViewModel.swift in Sources */,
				3F12B02B292F8A0900338F1D /* CheckoutPresenter.swift in Sources */,
				3F2C06472927C1A1009F84D4 /* ProductCell.swift in Sources */,
				3F5A22CA290AE68B00438114 /* CatalogueViewModel.swift in Sources */,
				3F2516A029269617008F5820 /* ImageCache.swift in Sources */,
				3F2C06422927C166009F84D4 /* ProductProtocols.swift in Sources */,
				3F91E438292D34360000A994 /* PersistentState.swift in Sources */,
				3F7A78D129098A5500B24982 /* NetworkService.swift in Sources */,
				3F25169E292695C0008F5820 /* LRUCache.swift in Sources */,
				3F91E43C292D34710000A994 /* PersistentProviderProtocol.swift in Sources */,
				3F6E99032906F5D200F25E9B /* Font.swift in Sources */,
				3F5A22BC290ADC2700438114 /* ProgrammaticallyInitializableViewProtocol.swift in Sources */,
				3F9668A32909884F0034FEFE /* URLFactory.swift in Sources */,
				3F96689C290848B80034FEFE /* CatalogueProtocols.swift in Sources */,
				3F12B025292F89C100338F1D /* CheckoutCell.swift in Sources */,
				3F08A62C292D173A00F02EDF /* BaseViewController.swift in Sources */,
				3F08A62E292D17D900F02EDF /* AddCartResponse.swift in Sources */,
				3F08A630292D17F500F02EDF /* User.swift in Sources */,
				3F96689A290848B80034FEFE /* CatalogueRouter.swift in Sources */,
				3F2C06412927C166009F84D4 /* ProductViewController.swift in Sources */,
				3F2516A629269706008F5820 /* GlobalConstants.swift in Sources */,
				3F2516A229269644008F5820 /* ImageLoader.swift in Sources */,
				3F12B013292E568E00338F1D /* CartView.swift in Sources */,
				3F96689E290848B80034FEFE /* CatalogueContainer.swift in Sources */,
				3F5A22B02909988100438114 /* Typealias.swift in Sources */,
				3F12B027292F89DF00338F1D /* CheckoutTableViewAdapter.swift in Sources */,
				3F7A78D529098B1500B24982 /* NetworkServiceProtocol.swift in Sources */,
				3F12B015292E56A400338F1D /* CartPresenter.swift in Sources */,
				3F2516A429269665008F5820 /* ImageLoaderError.swift in Sources */,
				3F12B011292E567700338F1D /* CartTableViewAdapter.swift in Sources */,
				3F966899290848B80034FEFE /* CataloguePresenter.swift in Sources */,
				3F2C06442927C166009F84D4 /* ProductContainer.swift in Sources */,
				3F5A22CE290AE6FE00438114 /* CatalogueCell.swift in Sources */,
				3F08A63E292D1A8700F02EDF /* UIApplication + Extension.swift in Sources */,
				3F6E99012906F53E00F25E9B /* UIColor + Extension.swift in Sources */,
				3F93D02F2905F072003FF558 /* AppDelegate.swift in Sources */,
				3F08A6042927C87200F02EDF /* ProductViewProtocol.swift in Sources */,
				3F8A6F3629102A1500BB8190 /* BaseView.swift in Sources */,
				3F8A6F3B29102E5C00BB8190 /* CatalogueView.swift in Sources */,
				3F2C06402927C166009F84D4 /* ProductRouter.swift in Sources */,
				3F12B03A292F8EE600338F1D /* ProfileRouter.swift in Sources */,
				3F12B01F292E571200338F1D /* CartContainer.swift in Sources */,
				3F12B033292F8A7100338F1D /* CheckoutInteractor.swift in Sources */,
				3F12B038292F8ED100338F1D /* ProfilePresenter.swift in Sources */,
				3F12B03C292F8F0100338F1D /* ProfileViewController.swift in Sources */,
				3F12B044292F908A00338F1D /* ProfileView.swift in Sources */,
				3F96689D290848B80034FEFE /* CatalogueInteractor.swift in Sources */,
				3F12B01D292E56FC00338F1D /* CartInteractor.swift in Sources */,
			);
			runOnlyForDeploymentPostprocessing = 0;
		};
/* End PBXSourcesBuildPhase section */

/* Begin PBXVariantGroup section */
		3F93D0392905F075003FF558 /* LaunchScreen.storyboard */ = {
			isa = PBXVariantGroup;
			children = (
				3F93D03A2905F075003FF558 /* Base */,
			);
			name = LaunchScreen.storyboard;
			sourceTree = "<group>";
		};
/* End PBXVariantGroup section */

/* Begin XCBuildConfiguration section */
		3F93D03D2905F075003FF558 /* Debug */ = {
			isa = XCBuildConfiguration;
			buildSettings = {
				ALWAYS_SEARCH_USER_PATHS = NO;
				CLANG_ANALYZER_NONNULL = YES;
				CLANG_ANALYZER_NUMBER_OBJECT_CONVERSION = YES_AGGRESSIVE;
				CLANG_CXX_LANGUAGE_STANDARD = "gnu++20";
				CLANG_ENABLE_MODULES = YES;
				CLANG_ENABLE_OBJC_ARC = YES;
				CLANG_ENABLE_OBJC_WEAK = YES;
				CLANG_WARN_BLOCK_CAPTURE_AUTORELEASING = YES;
				CLANG_WARN_BOOL_CONVERSION = YES;
				CLANG_WARN_COMMA = YES;
				CLANG_WARN_CONSTANT_CONVERSION = YES;
				CLANG_WARN_DEPRECATED_OBJC_IMPLEMENTATIONS = YES;
				CLANG_WARN_DIRECT_OBJC_ISA_USAGE = YES_ERROR;
				CLANG_WARN_DOCUMENTATION_COMMENTS = YES;
				CLANG_WARN_EMPTY_BODY = YES;
				CLANG_WARN_ENUM_CONVERSION = YES;
				CLANG_WARN_INFINITE_RECURSION = YES;
				CLANG_WARN_INT_CONVERSION = YES;
				CLANG_WARN_NON_LITERAL_NULL_CONVERSION = YES;
				CLANG_WARN_OBJC_IMPLICIT_RETAIN_SELF = YES;
				CLANG_WARN_OBJC_LITERAL_CONVERSION = YES;
				CLANG_WARN_OBJC_ROOT_CLASS = YES_ERROR;
				CLANG_WARN_QUOTED_INCLUDE_IN_FRAMEWORK_HEADER = YES;
				CLANG_WARN_RANGE_LOOP_ANALYSIS = YES;
				CLANG_WARN_STRICT_PROTOTYPES = YES;
				CLANG_WARN_SUSPICIOUS_MOVE = YES;
				CLANG_WARN_UNGUARDED_AVAILABILITY = YES_AGGRESSIVE;
				CLANG_WARN_UNREACHABLE_CODE = YES;
				CLANG_WARN__DUPLICATE_METHOD_MATCH = YES;
				COPY_PHASE_STRIP = NO;
				DEBUG_INFORMATION_FORMAT = dwarf;
				ENABLE_STRICT_OBJC_MSGSEND = YES;
				ENABLE_TESTABILITY = YES;
				GCC_C_LANGUAGE_STANDARD = gnu11;
				GCC_DYNAMIC_NO_PIC = NO;
				GCC_NO_COMMON_BLOCKS = YES;
				GCC_OPTIMIZATION_LEVEL = 0;
				GCC_PREPROCESSOR_DEFINITIONS = (
					"DEBUG=1",
					"$(inherited)",
				);
				GCC_WARN_64_TO_32_BIT_CONVERSION = YES;
				GCC_WARN_ABOUT_RETURN_TYPE = YES_ERROR;
				GCC_WARN_UNDECLARED_SELECTOR = YES;
				GCC_WARN_UNINITIALIZED_AUTOS = YES_AGGRESSIVE;
				GCC_WARN_UNUSED_FUNCTION = YES;
				GCC_WARN_UNUSED_VARIABLE = YES;
				IPHONEOS_DEPLOYMENT_TARGET = 16.0;
				MTL_ENABLE_DEBUG_INFO = INCLUDE_SOURCE;
				MTL_FAST_MATH = YES;
				ONLY_ACTIVE_ARCH = YES;
				SDKROOT = iphoneos;
				SWIFT_ACTIVE_COMPILATION_CONDITIONS = DEBUG;
				SWIFT_OPTIMIZATION_LEVEL = "-Onone";
			};
			name = Debug;
		};
		3F93D03E2905F075003FF558 /* Release */ = {
			isa = XCBuildConfiguration;
			buildSettings = {
				ALWAYS_SEARCH_USER_PATHS = NO;
				CLANG_ANALYZER_NONNULL = YES;
				CLANG_ANALYZER_NUMBER_OBJECT_CONVERSION = YES_AGGRESSIVE;
				CLANG_CXX_LANGUAGE_STANDARD = "gnu++20";
				CLANG_ENABLE_MODULES = YES;
				CLANG_ENABLE_OBJC_ARC = YES;
				CLANG_ENABLE_OBJC_WEAK = YES;
				CLANG_WARN_BLOCK_CAPTURE_AUTORELEASING = YES;
				CLANG_WARN_BOOL_CONVERSION = YES;
				CLANG_WARN_COMMA = YES;
				CLANG_WARN_CONSTANT_CONVERSION = YES;
				CLANG_WARN_DEPRECATED_OBJC_IMPLEMENTATIONS = YES;
				CLANG_WARN_DIRECT_OBJC_ISA_USAGE = YES_ERROR;
				CLANG_WARN_DOCUMENTATION_COMMENTS = YES;
				CLANG_WARN_EMPTY_BODY = YES;
				CLANG_WARN_ENUM_CONVERSION = YES;
				CLANG_WARN_INFINITE_RECURSION = YES;
				CLANG_WARN_INT_CONVERSION = YES;
				CLANG_WARN_NON_LITERAL_NULL_CONVERSION = YES;
				CLANG_WARN_OBJC_IMPLICIT_RETAIN_SELF = YES;
				CLANG_WARN_OBJC_LITERAL_CONVERSION = YES;
				CLANG_WARN_OBJC_ROOT_CLASS = YES_ERROR;
				CLANG_WARN_QUOTED_INCLUDE_IN_FRAMEWORK_HEADER = YES;
				CLANG_WARN_RANGE_LOOP_ANALYSIS = YES;
				CLANG_WARN_STRICT_PROTOTYPES = YES;
				CLANG_WARN_SUSPICIOUS_MOVE = YES;
				CLANG_WARN_UNGUARDED_AVAILABILITY = YES_AGGRESSIVE;
				CLANG_WARN_UNREACHABLE_CODE = YES;
				CLANG_WARN__DUPLICATE_METHOD_MATCH = YES;
				COPY_PHASE_STRIP = NO;
				DEBUG_INFORMATION_FORMAT = "dwarf-with-dsym";
				ENABLE_NS_ASSERTIONS = NO;
				ENABLE_STRICT_OBJC_MSGSEND = YES;
				GCC_C_LANGUAGE_STANDARD = gnu11;
				GCC_NO_COMMON_BLOCKS = YES;
				GCC_WARN_64_TO_32_BIT_CONVERSION = YES;
				GCC_WARN_ABOUT_RETURN_TYPE = YES_ERROR;
				GCC_WARN_UNDECLARED_SELECTOR = YES;
				GCC_WARN_UNINITIALIZED_AUTOS = YES_AGGRESSIVE;
				GCC_WARN_UNUSED_FUNCTION = YES;
				GCC_WARN_UNUSED_VARIABLE = YES;
				IPHONEOS_DEPLOYMENT_TARGET = 16.0;
				MTL_ENABLE_DEBUG_INFO = NO;
				MTL_FAST_MATH = YES;
				SDKROOT = iphoneos;
				SWIFT_COMPILATION_MODE = wholemodule;
				SWIFT_OPTIMIZATION_LEVEL = "-O";
				VALIDATE_PRODUCT = YES;
			};
			name = Release;
		};
		3F93D0402905F075003FF558 /* Debug */ = {
			isa = XCBuildConfiguration;
			baseConfigurationReference = 202DBB3A38CD7C65091D1040 /* Pods-ShoppingCart.debug.xcconfig */;
			buildSettings = {
				ASSETCATALOG_COMPILER_APPICON_NAME = AppIcon;
				ASSETCATALOG_COMPILER_GLOBAL_ACCENT_COLOR_NAME = AccentColor;
				CODE_SIGN_STYLE = Automatic;
				CURRENT_PROJECT_VERSION = 1;
				DEVELOPMENT_TEAM = F3GPX8Z3U8;
				GENERATE_INFOPLIST_FILE = YES;
				INFOPLIST_FILE = "ShoppingCart/Sources/📱App/Info.plist";
				INFOPLIST_KEY_UIApplicationSupportsIndirectInputEvents = YES;
				INFOPLIST_KEY_UILaunchStoryboardName = LaunchScreen;
				INFOPLIST_KEY_UIMainStoryboardFile = "";
				INFOPLIST_KEY_UISupportedInterfaceOrientations_iPad = "UIInterfaceOrientationPortrait UIInterfaceOrientationPortraitUpsideDown UIInterfaceOrientationLandscapeLeft UIInterfaceOrientationLandscapeRight";
				INFOPLIST_KEY_UISupportedInterfaceOrientations_iPhone = "UIInterfaceOrientationPortrait UIInterfaceOrientationLandscapeLeft UIInterfaceOrientationLandscapeRight";
				IPHONEOS_DEPLOYMENT_TARGET = 12.0;
				LD_RUNPATH_SEARCH_PATHS = (
					"$(inherited)",
					"@executable_path/Frameworks",
				);
				MARKETING_VERSION = 1.0;
				PRODUCT_BUNDLE_IDENTIFIER = com.MeleshchukVA.ShoppingCart;
				PRODUCT_NAME = "$(TARGET_NAME)";
				SWIFT_EMIT_LOC_STRINGS = YES;
				SWIFT_VERSION = 5.0;
				TARGETED_DEVICE_FAMILY = "1,2";
			};
			name = Debug;
		};
		3F93D0412905F075003FF558 /* Release */ = {
			isa = XCBuildConfiguration;
			baseConfigurationReference = 1CE6ADAD1E5B0C5B441E5112 /* Pods-ShoppingCart.release.xcconfig */;
			buildSettings = {
				ASSETCATALOG_COMPILER_APPICON_NAME = AppIcon;
				ASSETCATALOG_COMPILER_GLOBAL_ACCENT_COLOR_NAME = AccentColor;
				CODE_SIGN_STYLE = Automatic;
				CURRENT_PROJECT_VERSION = 1;
				DEVELOPMENT_TEAM = F3GPX8Z3U8;
				GENERATE_INFOPLIST_FILE = YES;
				INFOPLIST_FILE = "ShoppingCart/Sources/📱App/Info.plist";
				INFOPLIST_KEY_UIApplicationSupportsIndirectInputEvents = YES;
				INFOPLIST_KEY_UILaunchStoryboardName = LaunchScreen;
				INFOPLIST_KEY_UIMainStoryboardFile = "";
				INFOPLIST_KEY_UISupportedInterfaceOrientations_iPad = "UIInterfaceOrientationPortrait UIInterfaceOrientationPortraitUpsideDown UIInterfaceOrientationLandscapeLeft UIInterfaceOrientationLandscapeRight";
				INFOPLIST_KEY_UISupportedInterfaceOrientations_iPhone = "UIInterfaceOrientationPortrait UIInterfaceOrientationLandscapeLeft UIInterfaceOrientationLandscapeRight";
				IPHONEOS_DEPLOYMENT_TARGET = 12.0;
				LD_RUNPATH_SEARCH_PATHS = (
					"$(inherited)",
					"@executable_path/Frameworks",
				);
				MARKETING_VERSION = 1.0;
				PRODUCT_BUNDLE_IDENTIFIER = com.MeleshchukVA.ShoppingCart;
				PRODUCT_NAME = "$(TARGET_NAME)";
				SWIFT_EMIT_LOC_STRINGS = YES;
				SWIFT_VERSION = 5.0;
				TARGETED_DEVICE_FAMILY = "1,2";
			};
			name = Release;
		};
/* End XCBuildConfiguration section */

/* Begin XCConfigurationList section */
		3F93D0262905F072003FF558 /* Build configuration list for PBXProject "ShoppingCart" */ = {
			isa = XCConfigurationList;
			buildConfigurations = (
				3F93D03D2905F075003FF558 /* Debug */,
				3F93D03E2905F075003FF558 /* Release */,
			);
			defaultConfigurationIsVisible = 0;
			defaultConfigurationName = Release;
		};
		3F93D03F2905F075003FF558 /* Build configuration list for PBXNativeTarget "ShoppingCart" */ = {
			isa = XCConfigurationList;
			buildConfigurations = (
				3F93D0402905F075003FF558 /* Debug */,
				3F93D0412905F075003FF558 /* Release */,
			);
			defaultConfigurationIsVisible = 0;
			defaultConfigurationName = Release;
		};
/* End XCConfigurationList section */

/* Begin XCVersionGroup section */
		3F91E42C292D31BC0000A994 /* ShoppingCartModel.xcdatamodeld */ = {
			isa = XCVersionGroup;
			children = (
				3F91E42D292D31BC0000A994 /* ShoppingCartModel.xcdatamodel */,
			);
			currentVersion = 3F91E42D292D31BC0000A994 /* ShoppingCartModel.xcdatamodel */;
			path = ShoppingCartModel.xcdatamodeld;
			sourceTree = "<group>";
			versionGroupType = wrapper.xcdatamodel;
		};
/* End XCVersionGroup section */
	};
	rootObject = 3F93D0232905F072003FF558 /* Project object */;
}
